
Microsoft Visual Studio Solution File, Format Version 12.00
# Visual Studio 15
VisualStudioVersion = 15.0.27703.2026
MinimumVisualStudioVersion = 10.0.40219.1
Project("{FAE04EC0-301F-11D3-BF4B-00C04F79EFBC}") = "bec_braughton_factorial", "bec_braughton_factorial.csproj", "{D705630B-CD5C-45C3-9D54-1F7CFA6F5CE4}"
EndProject
Global
	GlobalSection(SolutionConfigurationPlatforms) = preSolution
		Debug|Any CPU = Debug|Any CPU
		Release|Any CPU = Release|Any CPU
	EndGlobalSection
	GlobalSection(ProjectConfigurationPlatforms) = postSolution
		{D705630B-CD5C-45C3-9D54-1F7CFA6F5CE4}.Debug|Any CPU.ActiveCfg = Debug|Any CPU
		{D705630B-CD5C-45C3-9D54-1F7CFA6F5CE4}.Debug|Any CPU.Build.0 = Debug|Any CPU
		{D705630B-CD5C-45C3-9D54-1F7CFA6F5CE4}.Release|Any CPU.ActiveCfg = Release|Any CPU
		{D705630B-CD5C-45C3-9D54-1F7CFA6F5CE4}.Release|Any CPU.Build.0 = Release|Any CPU
	EndGlobalSection
	GlobalSection(SolutionProperties) = preSolution
		HideSolutionNode = FALSE
	EndGlobalSection
	GlobalSection(ExtensibilityGlobals) = postSolution
		SolutionGuid = {8EE9BB97-913B-4DDA-9E71-B6540A21E6E4}
	EndGlobalSection
EndGlobal
